
Microsoft Visual Studio Solution File, Format Version 12.00
# Visual Studio Version 16
VisualStudioVersion = 16.0.29613.14
MinimumVisualStudioVersion = 10.0.40219.1
Project("{FAE04EC0-301F-11D3-BF4B-00C04F79EFBC}") = "PuroEscabio", "PuroEscabio.csproj", "{F68FF406-BCEF-4090-954D-117A1AE73977}"
	ProjectSection(ProjectDependencies) = postProject
		{F09FEDC6-CA11-442A-A8CF-6B143B8100BD} = {F09FEDC6-CA11-442A-A8CF-6B143B8100BD}
	EndProjectSection
EndProject
Project("{FAE04EC0-301F-11D3-BF4B-00C04F79EFBC}") = "BE", "BE\BE.csproj", "{3A0C046A-02D3-433E-9B95-2564D124AA97}"
EndProject
Project("{FAE04EC0-301F-11D3-BF4B-00C04F79EFBC}") = "BLL", "BLL\BLL.csproj", "{969F48E2-3FD6-4273-94AC-605CAC67ECEF}"
EndProject
Project("{FAE04EC0-301F-11D3-BF4B-00C04F79EFBC}") = "DAL", "DAL\DAL.csproj", "{82B0C243-B2E7-45D5-935A-116C09D74C2E}"
EndProject
Project("{FAE04EC0-301F-11D3-BF4B-00C04F79EFBC}") = "WebService", "WebService\WebService.csproj", "{F09FEDC6-CA11-442A-A8CF-6B143B8100BD}"
EndProject
Project("{9A19103F-16F7-4668-BE54-9A1E7A4F7556}") = "PuroEscabio.App", "PuroEscabio.App\PuroEscabio.App\PuroEscabio.App.csproj", "{943954CE-3721-4ACD-AA25-403B4C965BFE}"
EndProject
Project("{FAE04EC0-301F-11D3-BF4B-00C04F79EFBC}") = "PuroEscabio.App.Android", "PuroEscabio.App\PuroEscabio.App.Android\PuroEscabio.App.Android.csproj", "{3A4696DA-CF5D-4E60-81EC-11704A717565}"
EndProject
Global
	GlobalSection(SolutionConfigurationPlatforms) = preSolution
		Debug|Any CPU = Debug|Any CPU
		Release|Any CPU = Release|Any CPU
	EndGlobalSection
	GlobalSection(ProjectConfigurationPlatforms) = postSolution
		{F68FF406-BCEF-4090-954D-117A1AE73977}.Debug|Any CPU.ActiveCfg = Debug|Any CPU
		{F68FF406-BCEF-4090-954D-117A1AE73977}.Debug|Any CPU.Build.0 = Debug|Any CPU
		{F68FF406-BCEF-4090-954D-117A1AE73977}.Release|Any CPU.ActiveCfg = Release|Any CPU
		{F68FF406-BCEF-4090-954D-117A1AE73977}.Release|Any CPU.Build.0 = Release|Any CPU
		{3A0C046A-02D3-433E-9B95-2564D124AA97}.Debug|Any CPU.ActiveCfg = Debug|Any CPU
		{3A0C046A-02D3-433E-9B95-2564D124AA97}.Debug|Any CPU.Build.0 = Debug|Any CPU
		{3A0C046A-02D3-433E-9B95-2564D124AA97}.Release|Any CPU.ActiveCfg = Release|Any CPU
		{3A0C046A-02D3-433E-9B95-2564D124AA97}.Release|Any CPU.Build.0 = Release|Any CPU
		{969F48E2-3FD6-4273-94AC-605CAC67ECEF}.Debug|Any CPU.ActiveCfg = Debug|Any CPU
		{969F48E2-3FD6-4273-94AC-605CAC67ECEF}.Debug|Any CPU.Build.0 = Debug|Any CPU
		{969F48E2-3FD6-4273-94AC-605CAC67ECEF}.Release|Any CPU.ActiveCfg = Release|Any CPU
		{969F48E2-3FD6-4273-94AC-605CAC67ECEF}.Release|Any CPU.Build.0 = Release|Any CPU
		{82B0C243-B2E7-45D5-935A-116C09D74C2E}.Debug|Any CPU.ActiveCfg = Debug|Any CPU
		{82B0C243-B2E7-45D5-935A-116C09D74C2E}.Debug|Any CPU.Build.0 = Debug|Any CPU
		{82B0C243-B2E7-45D5-935A-116C09D74C2E}.Release|Any CPU.ActiveCfg = Release|Any CPU
		{82B0C243-B2E7-45D5-935A-116C09D74C2E}.Release|Any CPU.Build.0 = Release|Any CPU
		{F09FEDC6-CA11-442A-A8CF-6B143B8100BD}.Debug|Any CPU.ActiveCfg = Debug|Any CPU
		{F09FEDC6-CA11-442A-A8CF-6B143B8100BD}.Debug|Any CPU.Build.0 = Debug|Any CPU
		{F09FEDC6-CA11-442A-A8CF-6B143B8100BD}.Release|Any CPU.ActiveCfg = Release|Any CPU
		{F09FEDC6-CA11-442A-A8CF-6B143B8100BD}.Release|Any CPU.Build.0 = Release|Any CPU
		{943954CE-3721-4ACD-AA25-403B4C965BFE}.Debug|Any CPU.ActiveCfg = Debug|Any CPU
		{943954CE-3721-4ACD-AA25-403B4C965BFE}.Debug|Any CPU.Build.0 = Debug|Any CPU
		{943954CE-3721-4ACD-AA25-403B4C965BFE}.Release|Any CPU.ActiveCfg = Release|Any CPU
		{943954CE-3721-4ACD-AA25-403B4C965BFE}.Release|Any CPU.Build.0 = Release|Any CPU
		{3A4696DA-CF5D-4E60-81EC-11704A717565}.Debug|Any CPU.ActiveCfg = Debug|Any CPU
		{3A4696DA-CF5D-4E60-81EC-11704A717565}.Debug|Any CPU.Build.0 = Debug|Any CPU
		{3A4696DA-CF5D-4E60-81EC-11704A717565}.Debug|Any CPU.Deploy.0 = Debug|Any CPU
		{3A4696DA-CF5D-4E60-81EC-11704A717565}.Release|Any CPU.ActiveCfg = Release|Any CPU
		{3A4696DA-CF5D-4E60-81EC-11704A717565}.Release|Any CPU.Build.0 = Release|Any CPU
		{3A4696DA-CF5D-4E60-81EC-11704A717565}.Release|Any CPU.Deploy.0 = Release|Any CPU
	EndGlobalSection
	GlobalSection(SolutionProperties) = preSolution
		HideSolutionNode = FALSE
	EndGlobalSection
	GlobalSection(ExtensibilityGlobals) = postSolution
		SolutionGuid = {1C17398F-92CA-49E6-A99E-57FEFF0B4ADC}
	EndGlobalSection
EndGlobal
